
Microsoft Visual Studio Solution File, Format Version 12.00
# Visual Studio 15
VisualStudioVersion = 15.0.26621.2
MinimumVisualStudioVersion = 10.0.40219.1
Project("{9A19103F-16F7-4668-BE54-9A1E7A4F7556}") = "blqw.Unitable", "solution\blqw.Unitable\blqw.Unitable.csproj", "{BB82E02F-133A-4CCD-9E9A-A3868670392D}"
EndProject
Project("{FAE04EC0-301F-11D3-BF4B-00C04F79EFBC}") = "blqw.Unitable.Demo", "solution\blqw.Unitable.Demo\blqw.Unitable.Demo.csproj", "{914B58E6-BAA0-4F35-97B5-CE12B98A7C5B}"
EndProject
Project("{FAE04EC0-301F-11D3-BF4B-00C04F79EFBC}") = "blqw.Unitable.Tests", "solution\blqw.Unitable.Tests\blqw.Unitable.Tests.csproj", "{1A305E7D-29DF-4E6B-B3CE-5EDF3AE17712}"
EndProject
Global
	GlobalSection(SolutionConfigurationPlatforms) = preSolution
		Debug|Any CPU = Debug|Any CPU
		Release|Any CPU = Release|Any CPU
	EndGlobalSection
	GlobalSection(ProjectConfigurationPlatforms) = postSolution
		{BB82E02F-133A-4CCD-9E9A-A3868670392D}.Debug|Any CPU.ActiveCfg = Debug|Any CPU
		{BB82E02F-133A-4CCD-9E9A-A3868670392D}.Debug|Any CPU.Build.0 = Debug|Any CPU
		{BB82E02F-133A-4CCD-9E9A-A3868670392D}.Release|Any CPU.ActiveCfg = Release|Any CPU
		{BB82E02F-133A-4CCD-9E9A-A3868670392D}.Release|Any CPU.Build.0 = Release|Any CPU
		{914B58E6-BAA0-4F35-97B5-CE12B98A7C5B}.Debug|Any CPU.ActiveCfg = Debug|Any CPU
		{914B58E6-BAA0-4F35-97B5-CE12B98A7C5B}.Debug|Any CPU.Build.0 = Debug|Any CPU
		{914B58E6-BAA0-4F35-97B5-CE12B98A7C5B}.Release|Any CPU.ActiveCfg = Release|Any CPU
		{914B58E6-BAA0-4F35-97B5-CE12B98A7C5B}.Release|Any CPU.Build.0 = Release|Any CPU
		{1A305E7D-29DF-4E6B-B3CE-5EDF3AE17712}.Debug|Any CPU.ActiveCfg = Debug|Any CPU
		{1A305E7D-29DF-4E6B-B3CE-5EDF3AE17712}.Debug|Any CPU.Build.0 = Debug|Any CPU
		{1A305E7D-29DF-4E6B-B3CE-5EDF3AE17712}.Release|Any CPU.ActiveCfg = Release|Any CPU
		{1A305E7D-29DF-4E6B-B3CE-5EDF3AE17712}.Release|Any CPU.Build.0 = Release|Any CPU
	EndGlobalSection
	GlobalSection(SolutionProperties) = preSolution
		HideSolutionNode = FALSE
	EndGlobalSection
	GlobalSection(ExtensibilityGlobals) = postSolution
		SolutionGuid = {69EF0BBB-7280-4A2B-AAAE-7C0461DC0F78}
	EndGlobalSection
EndGlobal
